
Microsoft Visual Studio Solution File, Format Version 12.00
# Visual Studio Version 16
VisualStudioVersion = 16.0.29306.81
MinimumVisualStudioVersion = 10.0.40219.1
Project("{FAE04EC0-301F-11D3-BF4B-00C04F79EFBC}") = "TextBoxNumberControl", "TextBoxNumberControl\TextBoxNumberControl.csproj", "{8481ECEF-0DC8-4BB4-AA83-7CA538090481}"
EndProject
Global
	GlobalSection(SolutionConfigurationPlatforms) = preSolution
		Debug|Any CPU = Debug|Any CPU
		Release|Any CPU = Release|Any CPU
	EndGlobalSection
	GlobalSection(ProjectConfigurationPlatforms) = postSolution
		{8481ECEF-0DC8-4BB4-AA83-7CA538090481}.Debug|Any CPU.ActiveCfg = Debug|Any CPU
		{8481ECEF-0DC8-4BB4-AA83-7CA538090481}.Debug|Any CPU.Build.0 = Debug|Any CPU
		{8481ECEF-0DC8-4BB4-AA83-7CA538090481}.Release|Any CPU.ActiveCfg = Release|Any CPU
		{8481ECEF-0DC8-4BB4-AA83-7CA538090481}.Release|Any CPU.Build.0 = Release|Any CPU
	EndGlobalSection
	GlobalSection(SolutionProperties) = preSolution
		HideSolutionNode = FALSE
	EndGlobalSection
	GlobalSection(ExtensibilityGlobals) = postSolution
		SolutionGuid = {775F4F18-0EE9-4B59-A3F3-D9B1941D8B9B}
	EndGlobalSection
EndGlobal
