
Microsoft Visual Studio Solution File, Format Version 12.00
# Visual Studio Version 16
VisualStudioVersion = 16.0.29230.47
MinimumVisualStudioVersion = 10.0.40219.1
Project("{FAE04EC0-301F-11D3-BF4B-00C04F79EFBC}") = "WinApp", "WinApp\WinApp.csproj", "{37157457-1E1D-498E-9A0F-2D8CC35A3686}"
EndProject
Project("{9A19103F-16F7-4668-BE54-9A1E7A4F7556}") = "Util", "Util\Util.csproj", "{9BEB5308-EFE1-4EF7-B143-232BCA97DAA6}"
EndProject
Project("{FAE04EC0-301F-11D3-BF4B-00C04F79EFBC}") = "POO", "POO\POO.csproj", "{A7DC8487-D06F-4197-BA8C-FAC988311BFC}"
EndProject
Global
	GlobalSection(SolutionConfigurationPlatforms) = preSolution
		Debug|Any CPU = Debug|Any CPU
		Release|Any CPU = Release|Any CPU
	EndGlobalSection
	GlobalSection(ProjectConfigurationPlatforms) = postSolution
		{37157457-1E1D-498E-9A0F-2D8CC35A3686}.Debug|Any CPU.ActiveCfg = Debug|Any CPU
		{37157457-1E1D-498E-9A0F-2D8CC35A3686}.Debug|Any CPU.Build.0 = Debug|Any CPU
		{37157457-1E1D-498E-9A0F-2D8CC35A3686}.Release|Any CPU.ActiveCfg = Release|Any CPU
		{37157457-1E1D-498E-9A0F-2D8CC35A3686}.Release|Any CPU.Build.0 = Release|Any CPU
		{9BEB5308-EFE1-4EF7-B143-232BCA97DAA6}.Debug|Any CPU.ActiveCfg = Debug|Any CPU
		{9BEB5308-EFE1-4EF7-B143-232BCA97DAA6}.Debug|Any CPU.Build.0 = Debug|Any CPU
		{9BEB5308-EFE1-4EF7-B143-232BCA97DAA6}.Release|Any CPU.ActiveCfg = Release|Any CPU
		{9BEB5308-EFE1-4EF7-B143-232BCA97DAA6}.Release|Any CPU.Build.0 = Release|Any CPU
		{A7DC8487-D06F-4197-BA8C-FAC988311BFC}.Debug|Any CPU.ActiveCfg = Debug|Any CPU
		{A7DC8487-D06F-4197-BA8C-FAC988311BFC}.Debug|Any CPU.Build.0 = Debug|Any CPU
		{A7DC8487-D06F-4197-BA8C-FAC988311BFC}.Release|Any CPU.ActiveCfg = Release|Any CPU
		{A7DC8487-D06F-4197-BA8C-FAC988311BFC}.Release|Any CPU.Build.0 = Release|Any CPU
	EndGlobalSection
	GlobalSection(SolutionProperties) = preSolution
		HideSolutionNode = FALSE
	EndGlobalSection
	GlobalSection(ExtensibilityGlobals) = postSolution
		SolutionGuid = {0F278275-A68F-463C-9AB0-5DB929C7BF03}
	EndGlobalSection
EndGlobal
